<?xml version="1.0" encoding="UTF-8" standalone="yes" ?>
<CodeBlocks_project_file>
	<FileVersion major="1" minor="6" />
	<Project>
		<Option title="ossium" />
		<Option pch_mode="2" />
		<Option compiler="gcc" />
		<Build>
			<Target title="Debug">
				<Option output="bin/Debug/ossium" prefix_auto="1" extension_auto="1" />
				<Option object_output="obj/Debug/" />
				<Option type="1" />
				<Option compiler="gcc" />
				<Compiler>
					<Add option="-g" />
					<Add option="-D DEBUG" />
				</Compiler>
			</Target>
			<Target title="Release">
				<Option output="bin/Release/ossium" prefix_auto="1" extension_auto="1" />
				<Option object_output="obj/Release/" />
				<Option type="0" />
				<Option compiler="gcc" />
				<Compiler>
					<Add option="-O2" />
				</Compiler>
				<Linker>
					<Add option="-s" />
				</Linker>
			</Target>
		</Build>
		<Compiler>
			<Add option="-Wall" />
		</Compiler>
		<Linker>
			<Add option="-lSDL2_image -lSDL2_mixer -lSDL2_ttf -lSDL2_net" />
		</Linker>
		<Unit filename="src/main.cpp" />
		<Unit filename="src/ossium/audio.cpp" />
		<Unit filename="src/ossium/audio.h" />
		<Unit filename="src/ossium/basics.cpp" />
		<Unit filename="src/ossium/basics.h" />
		<Unit filename="src/ossium/circularbuffer.h" />
		<Unit filename="src/ossium/colours.h" />
		<Unit filename="src/ossium/config.cpp" />
		<Unit filename="src/ossium/config.h" />
		<Unit filename="src/ossium/csvdata.cpp" />
		<Unit filename="src/ossium/csvdata.h" />
		<Unit filename="src/ossium/delta.cpp" />
		<Unit filename="src/ossium/delta.h" />
		<Unit filename="src/ossium/ecs.cpp" />
		<Unit filename="src/ossium/ecs.h" />
		<Unit filename="src/ossium/events.cpp" />
		<Unit filename="src/ossium/events.h" />
		<Unit filename="src/ossium/font.cpp" />
		<Unit filename="src/ossium/font.h" />
		<Unit filename="src/ossium/fsm.h" />
		<Unit filename="src/ossium/helpermacros.h" />
		<Unit filename="src/ossium/init.cpp" />
		<Unit filename="src/ossium/init.h" />
		<Unit filename="src/ossium/input.cpp" />
		<Unit filename="src/ossium/input.h" />
		<Unit filename="src/ossium/keyboard.cpp" />
		<Unit filename="src/ossium/keyboard.h" />
		<Unit filename="src/ossium/mouse.cpp" />
		<Unit filename="src/ossium/mouse.h" />
		<Unit filename="src/ossium/primitives.cpp" />
		<Unit filename="src/ossium/primitives.h" />
		<Unit filename="src/ossium/renderer.cpp" />
		<Unit filename="src/ossium/renderer.h" />
		<Unit filename="src/ossium/resourcecontroller.h" />
		<Unit filename="src/ossium/rig.h" />
		<Unit filename="src/ossium/serialisation.cpp" />
		<Unit filename="src/ossium/serialisation.h" />
		<Unit filename="src/ossium/statesprite.cpp" />
		<Unit filename="src/ossium/statesprite.h" />
		<Unit filename="src/ossium/testmodules.cpp" />
		<Unit filename="src/ossium/testmodules.h" />
		<Unit filename="src/ossium/text.cpp" />
		<Unit filename="src/ossium/text.h" />
		<Unit filename="src/ossium/texture.cpp" />
		<Unit filename="src/ossium/texture.h" />
		<Unit filename="src/ossium/texturepack.cpp" />
		<Unit filename="src/ossium/texturepack.h" />
		<Unit filename="src/ossium/time.cpp" />
		<Unit filename="src/ossium/time.h" />
		<Unit filename="src/ossium/transform.cpp" />
		<Unit filename="src/ossium/transform.h" />
		<Unit filename="src/ossium/tree.h" />
		<Unit filename="src/ossium/vector.cpp" />
		<Unit filename="src/ossium/vector.h" />
		<Unit filename="src/ossium/window.cpp" />
		<Unit filename="src/ossium/window.h" />
		<Extensions>
			<code_completion />
			<envvars />
			<lib_finder disable_auto="1" />
			<debugger />
			<DoxyBlocks>
				<comment_style block="0" line="0" />
				<doxyfile_project />
				<doxyfile_build />
				<doxyfile_warnings />
				<doxyfile_output />
				<doxyfile_dot />
				<general />
			</DoxyBlocks>
		</Extensions>
	</Project>
</CodeBlocks_project_file>
