<?xml version="1.0" encoding="UTF-8" standalone="yes" ?>
<CodeBlocks_project_file>
	<FileVersion major="1" minor="6" />
	<Project>
		<Option title="Ossium" />
		<Option pch_mode="2" />
		<Option compiler="gcc" />
		<Build>
			<Target title="Debug">
				<Option output="bin/Debug/ossium" prefix_auto="1" extension_auto="1" />
				<Option object_output="obj/Debug/" />
				<Option type="1" />
				<Option compiler="gcc" />
				<Compiler>
					<Add option="-std=c++1z" />
					<Add option="-g" />
					<Add option="-DDEBUG" />
					<Add directory="Box2D/" />
				</Compiler>
				<Linker>
					<Add option="-lmingw32" />
					<Add option="-lSDL2main" />
					<Add option="-lSDL2" />
					<Add option="-lSDL2_image" />
					<Add option="-lSDL2_mixer" />
					<Add option="-lSDL2_ttf" />
					<Add option="-lSDL2_net" />
					<Add option="-Wl,-Bstatic -lstdc++ -lpthread -Wl,-Bdynamic" />
					<Add library="Box2D/bin/Release/libBox2D.a" />
					<Add directory="Box2D/bin/Release" />
				</Linker>
			</Target>
			<Target title="Release">
				<Option output="bin/Release/ossium" prefix_auto="1" extension_auto="1" />
				<Option object_output="obj/Release/" />
				<Option type="0" />
				<Option compiler="gcc" />
				<Compiler>
					<Add option="-O2" />
					<Add option="-std=c++1z" />
					<Add directory="Box2D/" />
				</Compiler>
				<Linker>
					<Add option="-s" />
					<Add option="-lmingw32" />
					<Add option="-lSDL2main" />
					<Add option="-lSDL2" />
					<Add option="-lSDL2_image" />
					<Add option="-lSDL2_mixer" />
					<Add option="-lSDL2_ttf" />
					<Add option="-lSDL2_net" />
					<Add option="-Wl,-Bstatic -lstdc++ -lpthread -Wl,-Bdynamic" />
					<Add library="Box2D/bin/Release/libBox2D.a" />
					<Add directory="Box2D/bin/Release" />
				</Linker>
			</Target>
			<Target title="ossium">
				<Option output="bin/ossium/ossium" prefix_auto="1" extension_auto="1" />
				<Option working_dir="" />
				<Option object_output="obj/ossium/" />
				<Option type="2" />
				<Option compiler="gcc" />
				<Option createDefFile="1" />
				<Compiler>
					<Add option="-std=c++1z" />
					<Add option="-g" />
					<Add directory="Box2D/" />
				</Compiler>
				<Linker>
					<Add option="-static-libstdc++" />
					<Add option="-static-libgcc" />
					<Add option="-Wl,-Bstatic -lstdc++ -lpthread -Wl,-Bdynamic" />
					<Add library="C:/SDL2/SDL2-2.0.9/i686-w64-mingw32/lib/libSDL2.dll.a" />
					<Add library="C:/SDL2/SDL2_ttf-2.0.14/i686-w64-mingw32/lib/libSDL2_ttf.dll.a" />
					<Add library="C:/SDL2/SDL2_mixer-2.0.4/i686-w64-mingw32/lib/libSDL2_mixer.dll.a" />
					<Add library="C:/SDL2/SDL2_image-2.0.4/i686-w64-mingw32/lib/libSDL2_image.dll.a" />
					<Add library="Box2D/bin/Release/libBox2D.a" />
					<Add directory="Box2D/bin/Release" />
				</Linker>
			</Target>
			<Target title="ossiumdll">
				<Option output="bin/ossiumdll/ossium" imp_lib="$(TARGET_OUTPUT_DIR)$(TARGET_OUTPUT_BASENAME).a" def_file="$(TARGET_OUTPUT_DIR)$(TARGET_OUTPUT_BASENAME).def" prefix_auto="1" extension_auto="1" />
				<Option object_output="obj/ossiumdll/" />
				<Option type="3" />
				<Option compiler="gcc" />
				<Option createDefFile="1" />
				<Option createStaticLib="1" />
				<Compiler>
					<Add option="-DOSSIUM_EXPORT_DLL" />
					<Add directory="Box2D/" />
				</Compiler>
				<Linker>
					<Add option="-Wl,-Bstatic -lstdc++ -lpthread -Wl,-Bdynamic" />
					<Add library="C:/SDL2/SDL2-2.0.9/i686-w64-mingw32/lib/libSDL2.dll.a" />
					<Add library="C:/SDL2/SDL2_ttf-2.0.14/i686-w64-mingw32/lib/libSDL2_ttf.dll.a" />
					<Add library="C:/SDL2/SDL2_mixer-2.0.4/i686-w64-mingw32/lib/libSDL2_mixer.dll.a" />
					<Add library="C:/SDL2/SDL2_image-2.0.4/i686-w64-mingw32/lib/libSDL2_image.dll.a" />
					<Add library="Box2D/bin/Release/libBox2D.a" />
					<Add directory="Box2D/bin/Release" />
				</Linker>
			</Target>
			<Target title="Debug (Linux)">
				<Option output="bin/Debug/ossium" prefix_auto="1" extension_auto="1" />
				<Option object_output="obj/Debug/" />
				<Option type="1" />
				<Option compiler="gcc" />
				<Compiler>
					<Add option="-g" />
					<Add option="-std=c++1z" />
					<Add option="-DDEBUG" />
					<Add directory="Box2D/" />
				</Compiler>
				<Linker>
					<Add option="-lSDL2main" />
					<Add option="-lSDL2" />
					<Add option="-lSDL2_image" />
					<Add option="-lSDL2_mixer" />
					<Add option="-lSDL2_ttf" />
					<Add option="-Wl,-Bstatic -lstdc++ -lpthread -Wl,-Bdynamic" />
					<Add library="Box2D/bin/Release/libBox2D.a" />
					<Add directory="Box2D/bin/Release" />
				</Linker>
			</Target>
			<Target title="ossium (Linux)">
				<Option output="bin/ossium/ossium" prefix_auto="1" extension_auto="1" />
				<Option working_dir="" />
				<Option object_output="obj/ossium/" />
				<Option type="2" />
				<Option compiler="gcc" />
				<Option createDefFile="1" />
				<Compiler>
					<Add option="-g" />
					<Add option="-std=c++1z" />
					<Add directory="Box2D/" />
				</Compiler>
				<Linker>
					<Add option="-lSDL2main" />
					<Add option="-lSDL2" />
					<Add option="-lSDL2_image" />
					<Add option="-lSDL2_mixer" />
					<Add option="-lSDL2_ttf" />
					<Add option="-static-libstdc++" />
					<Add option="-static-libgcc" />
					<Add option="-Wl,-Bstatic -lstdc++ -lpthread -Wl,-Bdynamic" />
					<Add library="Box2D/bin/Release/libBox2D.a" />
					<Add directory="Box2D/bin/Release" />
				</Linker>
			</Target>
		</Build>
		<Compiler>
			<Add option="-Wall" />
			<Add option="-std=c++1z" />
			<Add directory="Box2D/" />
		</Compiler>
		<Linker>
			<Add directory="Box2D/bin/Release" />
		</Linker>
		<Unit filename="src/Ossium.h" />
		<Unit filename="src/Ossium/Components/UI/panel.h" />
		<Unit filename="src/Ossium/Components/audioextensions.cpp" />
		<Unit filename="src/Ossium/Components/audioextensions.h" />
		<Unit filename="src/Ossium/Components/debugdraw.cpp" />
		<Unit filename="src/Ossium/Components/debugdraw.h" />
		<Unit filename="src/Ossium/Components/inputgui.cpp" />
		<Unit filename="src/Ossium/Components/inputgui.h" />
		<Unit filename="src/Ossium/Components/statesprite.cpp" />
		<Unit filename="src/Ossium/Components/statesprite.h" />
		<Unit filename="src/Ossium/Components/text.cpp" />
		<Unit filename="src/Ossium/Components/text.h" />
		<Unit filename="src/Ossium/Components/texture.cpp" />
		<Unit filename="src/Ossium/Components/texture.h" />
		<Unit filename="src/Ossium/Core/audio.cpp" />
		<Unit filename="src/Ossium/Core/audio.h" />
		<Unit filename="src/Ossium/Core/callback.h" />
		<Unit filename="src/Ossium/Core/circularbuffer.h" />
		<Unit filename="src/Ossium/Core/colors.cpp" />
		<Unit filename="src/Ossium/Core/colors.h" />
		<Unit filename="src/Ossium/Core/component.cpp" />
		<Unit filename="src/Ossium/Core/component.h" />
		<Unit filename="src/Ossium/Core/config.h" />
		<Unit filename="src/Ossium/Core/coremaths.cpp" />
		<Unit filename="src/Ossium/Core/coremaths.h" />
		<Unit filename="src/Ossium/Core/csvdata.cpp" />
		<Unit filename="src/Ossium/Core/csvdata.h" />
		<Unit filename="src/Ossium/Core/curves.cpp" />
		<Unit filename="src/Ossium/Core/curves.h" />
		<Unit filename="src/Ossium/Core/delta.cpp" />
		<Unit filename="src/Ossium/Core/delta.h" />
		<Unit filename="src/Ossium/Core/ecs.cpp" />
		<Unit filename="src/Ossium/Core/ecs.h" />
		<Unit filename="src/Ossium/Core/enginesystem.cpp" />
		<Unit filename="src/Ossium/Core/enginesystem.h" />
		<Unit filename="src/Ossium/Core/font.cpp" />
		<Unit filename="src/Ossium/Core/font.h" />
		<Unit filename="src/Ossium/Core/funcutils.cpp" />
		<Unit filename="src/Ossium/Core/funcutils.h" />
		<Unit filename="src/Ossium/Core/globalservices.cpp" />
		<Unit filename="src/Ossium/Core/globalservices.h" />
		<Unit filename="src/Ossium/Core/helpermacros.h" />
		<Unit filename="src/Ossium/Core/image.cpp" />
		<Unit filename="src/Ossium/Core/image.h" />
		<Unit filename="src/Ossium/Core/init.cpp" />
		<Unit filename="src/Ossium/Core/init.h" />
		<Unit filename="src/Ossium/Core/input.cpp" />
		<Unit filename="src/Ossium/Core/input.h" />
		<Unit filename="src/Ossium/Core/jsondata.cpp" />
		<Unit filename="src/Ossium/Core/jsondata.h" />
		<Unit filename="src/Ossium/Core/keyboard.cpp" />
		<Unit filename="src/Ossium/Core/keyboard.h" />
		<Unit filename="src/Ossium/Core/logging.cpp" />
		<Unit filename="src/Ossium/Core/logging.h" />
		<Unit filename="src/Ossium/Core/mathconsts.h" />
		<Unit filename="src/Ossium/Core/metarect.h" />
		<Unit filename="src/Ossium/Core/mouse.cpp" />
		<Unit filename="src/Ossium/Core/mouse.h" />
		<Unit filename="src/Ossium/Core/physics.cpp" />
		<Unit filename="src/Ossium/Core/physics.h" />
		<Unit filename="src/Ossium/Core/pixeleffects.cpp" />
		<Unit filename="src/Ossium/Core/pixeleffects.h" />
		<Unit filename="src/Ossium/Core/randutils.cpp" />
		<Unit filename="src/Ossium/Core/randutils.h" />
		<Unit filename="src/Ossium/Core/renderer.cpp" />
		<Unit filename="src/Ossium/Core/renderer.h" />
		<Unit filename="src/Ossium/Core/resourcecontroller.cpp" />
		<Unit filename="src/Ossium/Core/resourcecontroller.h" />
		<Unit filename="src/Ossium/Core/schemamodel.cpp" />
		<Unit filename="src/Ossium/Core/schemamodel.h" />
		<Unit filename="src/Ossium/Core/services.cpp" />
		<Unit filename="src/Ossium/Core/services.h" />
		<Unit filename="src/Ossium/Core/staticmanager.h">
			<Option target="ossiumdll" />
		</Unit>
		<Unit filename="src/Ossium/Core/stringconvert.cpp" />
		<Unit filename="src/Ossium/Core/stringconvert.h" />
		<Unit filename="src/Ossium/Core/stringintern.h" />
		<Unit filename="src/Ossium/Core/time.cpp" />
		<Unit filename="src/Ossium/Core/time.h" />
		<Unit filename="src/Ossium/Core/transform.cpp" />
		<Unit filename="src/Ossium/Core/transform.h" />
		<Unit filename="src/Ossium/Core/tree.h" />
		<Unit filename="src/Ossium/Core/typefactory.h" />
		<Unit filename="src/Ossium/Core/typeinference.cpp" />
		<Unit filename="src/Ossium/Core/typeinference.h" />
		<Unit filename="src/Ossium/Core/window.cpp" />
		<Unit filename="src/Ossium/Core/window.h" />
		<Unit filename="src/Ossium/Tests/testmodules.cpp">
			<Option target="Release" />
			<Option target="ossium" />
			<Option target="ossiumdll" />
			<Option target="ossium (Linux)" />
		</Unit>
		<Unit filename="src/Ossium/Tests/testmodules.h">
			<Option target="Release" />
			<Option target="ossium" />
			<Option target="ossiumdll" />
			<Option target="ossium (Linux)" />
		</Unit>
		<Unit filename="src/main.cpp">
			<Option target="Release" />
			<Option target="ossiumdll" />
		</Unit>
		<Unit filename="src/teststuff.cpp">
			<Option target="Release" />
			<Option target="ossium" />
			<Option target="ossiumdll" />
			<Option target="ossium (Linux)" />
		</Unit>
		<Unit filename="src/teststuff.h">
			<Option target="Release" />
			<Option target="ossium" />
			<Option target="ossiumdll" />
			<Option target="ossium (Linux)" />
		</Unit>
		<Extensions>
			<code_completion />
			<envvars />
			<lib_finder disable_auto="1" />
			<debugger />
			<DoxyBlocks>
				<comment_style block="0" line="0" />
				<doxyfile_project />
				<doxyfile_build />
				<doxyfile_warnings />
				<doxyfile_output />
				<doxyfile_dot />
				<general />
			</DoxyBlocks>
		</Extensions>
	</Project>
</CodeBlocks_project_file>
