<?xml version="1.0" encoding="UTF-8" standalone="yes" ?>
<CodeBlocks_project_file>
	<FileVersion major="1" minor="6" />
	<Project>
		<Option title="ossium" />
		<Option pch_mode="2" />
		<Option compiler="gcc" />
		<Build>
			<Target title="Debug">
				<Option output="bin/Debug/ossium" prefix_auto="1" extension_auto="1" />
				<Option object_output="obj/Debug/" />
				<Option type="1" />
				<Option compiler="gcc" />
				<Compiler>
					<Add option="-g" />
					<Add option="-D DEBUG" />
				</Compiler>
			</Target>
			<Target title="Release">
				<Option output="bin/Release/ossium" prefix_auto="1" extension_auto="1" />
				<Option object_output="obj/Release/" />
				<Option type="0" />
				<Option compiler="gcc" />
				<Compiler>
					<Add option="-O2" />
				</Compiler>
				<Linker>
					<Add option="-s" />
				</Linker>
			</Target>
		</Build>
		<Compiler>
			<Add option="`sdl2-config --cflags`" />
			<Add option="-Wall" />
		</Compiler>
		<Linker>
			<Add option="`sdl2-config --libs`" />
		</Linker>
		<Unit filename="src/main.cpp" />
		<Unit filename="src/ossium/oss_basics.cpp" />
		<Unit filename="src/ossium/oss_basics.h" />
		<Unit filename="src/ossium/oss_config.cpp" />
		<Unit filename="src/ossium/oss_config.h" />
		<Unit filename="src/ossium/oss_font.cpp" />
		<Unit filename="src/ossium/oss_font.h" />
		<Unit filename="src/ossium/oss_init.cpp" />
		<Unit filename="src/ossium/oss_init.h" />
		<Unit filename="src/ossium/oss_primitives.cpp" />
		<Unit filename="src/ossium/oss_primitives.h" />
		<Unit filename="src/ossium/oss_resourcecontroller.h" />
		<Unit filename="src/ossium/oss_rig.h" />
		<Unit filename="src/ossium/oss_statesprite.cpp" />
		<Unit filename="src/ossium/oss_statesprite.h" />
		<Unit filename="src/ossium/oss_text.cpp" />
		<Unit filename="src/ossium/oss_text.h" />
		<Unit filename="src/ossium/oss_texture.cpp" />
		<Unit filename="src/ossium/oss_texture.h" />
		<Unit filename="src/ossium/oss_time.cpp" />
		<Unit filename="src/ossium/oss_time.h" />
		<Unit filename="src/ossium/oss_transform.cpp" />
		<Unit filename="src/ossium/oss_transform.h" />
		<Unit filename="src/ossium/oss_vector.cpp" />
		<Unit filename="src/ossium/oss_vector.h" />
		<Unit filename="src/ossium/oss_window.cpp" />
		<Unit filename="src/ossium/oss_window.h" />
		<Extensions>
			<code_completion />
			<envvars />
			<lib_finder disable_auto="1" />
			<debugger />
		</Extensions>
	</Project>
</CodeBlocks_project_file>
