<?xml version="1.0" encoding="UTF-8" standalone="yes" ?>
<CodeBlocks_project_file>
	<FileVersion major="1" minor="6" />
	<Project>
		<Option title="Ossium" />
		<Option pch_mode="2" />
		<Option compiler="gcc" />
		<Build>
			<Target title="ossium">
				<Option output="bin/ossium/ossium" prefix_auto="1" extension_auto="1" />
				<Option working_dir="" />
				<Option object_output="obj/ossium/" />
				<Option type="2" />
				<Option compiler="gcc" />
				<Option createDefFile="1" />
				<Compiler>
					<Add option="-std=c++1z" />
					<Add option="-g" />
					<Add directory="C:/SDL2/SDL2-2.0.9/i686-w64-mingw32/include" />
					<Add directory="C:/SDL2/SDL2_image-2.0.4/i686-w64-mingw32/include" />
					<Add directory="C:/SDL2/SDL2_mixer-2.0.4/i686-w64-mingw32/include" />
					<Add directory="C:/SDL2/SDL2_ttf-2.0.15/i686-w64-mingw32/include" />
					<Add directory="C:/SDL2/SDL2_net-2.0.1/i686-w64-mingw32/include" />
					<Add directory="C:/SDL2/SDL2-2.0.9/i686-w64-mingw32/include/SDL2" />
					<Add directory="C:/SDL2/SDL2_image-2.0.4/i686-w64-mingw32/include/SDL2" />
					<Add directory="C:/SDL2/SDL2_mixer-2.0.4/i686-w64-mingw32/include/SDL2" />
					<Add directory="C:/SDL2/SDL2_ttf-2.0.15/i686-w64-mingw32/include/SDL2" />
					<Add directory="C:/SDL2/SDL2_net-2.0.1/i686-w64-mingw32/include/SDL2" />
					<Add directory="Box2D/" />
				</Compiler>
				<Linker>
					<Add option="-static-libstdc++" />
					<Add option="-static-libgcc" />
					<Add option="-Wl,-Bstatic -lstdc++ -lpthread -Wl,-Bdynamic -static-libgcc -static-libstdc++" />
					<Add library="C:/SDL2/SDL2-2.0.9/i686-w64-mingw32/lib/libSDL2.dll.a" />
					<Add library="C:/SDL2/SDL2_ttf-2.0.15/i686-w64-mingw32/lib/libSDL2_ttf.dll.a" />
					<Add library="C:/SDL2/SDL2_mixer-2.0.4/i686-w64-mingw32/lib/libSDL2_mixer.dll.a" />
					<Add library="C:/SDL2/SDL2_image-2.0.4/i686-w64-mingw32/lib/libSDL2_image.dll.a" />
					<Add library="Box2D/bin/Release/libBox2D.a" />
					<Add directory="C:/SDL2/SDL2-2.0.9/i686-w64-mingw32/lib" />
					<Add directory="C:/SDL2/SDL2_image-2.0.4/i686-w64-mingw32/lib" />
					<Add directory="C:/SDL2/SDL2_mixer-2.0.4/i686-w64-mingw32/lib" />
					<Add directory="C:/SDL2/SDL2_ttf-2.0.15/i686-w64-mingw32/lib" />
					<Add directory="C:/SDL2/SDL2_net-2.0.1/i686-w64-mingw32/lib" />
					<Add directory="Box2D/bin/Release" />
				</Linker>
			</Target>
			<Target title="ossiumdll">
				<Option output="bin/ossiumdll/ossium" imp_lib="$(TARGET_OUTPUT_DIR)$(TARGET_OUTPUT_BASENAME).a" def_file="$(TARGET_OUTPUT_DIR)$(TARGET_OUTPUT_BASENAME).def" prefix_auto="1" extension_auto="1" />
				<Option object_output="obj/ossiumdll/" />
				<Option type="3" />
				<Option compiler="gcc" />
				<Option createDefFile="1" />
				<Option createStaticLib="1" />
				<Compiler>
					<Add option="-DOSSIUM_EXPORT_DLL" />
					<Add directory="Box2D/" />
				</Compiler>
				<Linker>
					<Add option="-Wl,-Bstatic -lstdc++ -lpthread -Wl,-Bdynamic" />
					<Add library="C:/SDL2/SDL2-2.0.9/i686-w64-mingw32/lib/libSDL2.dll.a" />
					<Add library="C:/SDL2/SDL2_ttf-2.0.15/i686-w64-mingw32/lib/libSDL2_ttf.dll.a" />
					<Add library="C:/SDL2/SDL2_mixer-2.0.4/i686-w64-mingw32/lib/libSDL2_mixer.dll.a" />
					<Add library="C:/SDL2/SDL2_image-2.0.4/i686-w64-mingw32/lib/libSDL2_image.dll.a" />
					<Add library="Box2D/bin/Release/libBox2D.a" />
					<Add directory="Box2D/bin/Release" />
				</Linker>
			</Target>
			<Target title="OssiumEditor">
				<Option output="bin/OssiumEditor/Ossium" prefix_auto="1" extension_auto="1" />
				<Option working_dir="bin/OssiumEditor/" />
				<Option type="0" />
				<Option compiler="gcc" />
				<Compiler>
					<Add option="-std=c++1z" />
					<Add option="-DOSSIUM_EDITOR" />
					<Add directory="C:/SDL2/SDL2-2.0.9/i686-w64-mingw32/include" />
					<Add directory="C:/SDL2/SDL2_image-2.0.4/i686-w64-mingw32/include" />
					<Add directory="C:/SDL2/SDL2_mixer-2.0.4/i686-w64-mingw32/include" />
					<Add directory="C:/SDL2/SDL2_ttf-2.0.15/i686-w64-mingw32/include" />
					<Add directory="C:/SDL2/SDL2_net-2.0.1/i686-w64-mingw32/include" />
					<Add directory="C:/SDL2/SDL2-2.0.9/i686-w64-mingw32/include/SDL2" />
					<Add directory="C:/SDL2/SDL2_image-2.0.4/i686-w64-mingw32/include/SDL2" />
					<Add directory="C:/SDL2/SDL2_mixer-2.0.4/i686-w64-mingw32/include/SDL2" />
					<Add directory="C:/SDL2/SDL2_ttf-2.0.15/i686-w64-mingw32/include/SDL2" />
					<Add directory="C:/SDL2/SDL2_net-2.0.1/i686-w64-mingw32/include/SDL2" />
					<Add directory="Box2D/" />
				</Compiler>
				<Linker>
					<Add option="-static-libstdc++" />
					<Add option="-static-libgcc" />
					<Add option="-lmingw32" />
					<Add option="-lSDL2main" />
					<Add option="-lSDL2" />
					<Add option="-lSDL2_image" />
					<Add option="-lSDL2_mixer" />
					<Add option="-lSDL2_ttf" />
					<Add option="-lSDL2_net" />
					<Add option="-Wl,-Bstatic -lstdc++ -lpthread -Wl,-Bdynamic -static-libgcc -static-libstdc++" />
					<Add library="C:/SDL2/SDL2-2.0.9/i686-w64-mingw32/lib/libSDL2.dll.a" />
					<Add library="C:/SDL2/SDL2_ttf-2.0.15/i686-w64-mingw32/lib/libSDL2_ttf.dll.a" />
					<Add library="C:/SDL2/SDL2_mixer-2.0.4/i686-w64-mingw32/lib/libSDL2_mixer.dll.a" />
					<Add library="C:/SDL2/SDL2_image-2.0.4/i686-w64-mingw32/lib/libSDL2_image.dll.a" />
					<Add library="Box2D/bin/Release/libBox2D.a" />
					<Add directory="C:/SDL2/SDL2-2.0.9/i686-w64-mingw32/lib" />
					<Add directory="C:/SDL2/SDL2_image-2.0.4/i686-w64-mingw32/lib" />
					<Add directory="C:/SDL2/SDL2_mixer-2.0.4/i686-w64-mingw32/lib" />
					<Add directory="C:/SDL2/SDL2_ttf-2.0.15/i686-w64-mingw32/lib" />
					<Add directory="C:/SDL2/SDL2_net-2.0.1/i686-w64-mingw32/lib" />
					<Add directory="Box2D/bin/Release" />
				</Linker>
			</Target>
			<Target title="OssiumEditor (Debug)">
				<Option output="bin/OssiumEditor/Ossium" prefix_auto="1" extension_auto="1" />
				<Option working_dir="bin/OssiumEditor/" />
				<Option type="1" />
				<Option compiler="gcc" />
				<Option use_console_runner="0" />
				<Compiler>
					<Add option="-std=c++1z" />
					<Add option="-g" />
					<Add option="-DOSSIUM_DEBUG" />
					<Add option="-DOSSIUM_EDITOR" />
					<Add directory="C:/SDL2/SDL2-2.0.9/i686-w64-mingw32/include" />
					<Add directory="C:/SDL2/SDL2_image-2.0.4/i686-w64-mingw32/include" />
					<Add directory="C:/SDL2/SDL2_mixer-2.0.4/i686-w64-mingw32/include" />
					<Add directory="C:/SDL2/SDL2_ttf-2.0.15/i686-w64-mingw32/include" />
					<Add directory="C:/SDL2/SDL2_net-2.0.1/i686-w64-mingw32/include" />
					<Add directory="C:/SDL2/SDL2-2.0.9/i686-w64-mingw32/include/SDL2" />
					<Add directory="C:/SDL2/SDL2_image-2.0.4/i686-w64-mingw32/include/SDL2" />
					<Add directory="C:/SDL2/SDL2_mixer-2.0.4/i686-w64-mingw32/include/SDL2" />
					<Add directory="C:/SDL2/SDL2_ttf-2.0.15/i686-w64-mingw32/include/SDL2" />
					<Add directory="C:/SDL2/SDL2_net-2.0.1/i686-w64-mingw32/include/SDL2" />
					<Add directory="Box2D/" />
				</Compiler>
				<Linker>
					<Add option="-static-libstdc++" />
					<Add option="-static-libgcc" />
					<Add option="-lmingw32" />
					<Add option="-lSDL2main" />
					<Add option="-lSDL2" />
					<Add option="-lSDL2_image" />
					<Add option="-lSDL2_mixer" />
					<Add option="-lSDL2_ttf" />
					<Add option="-lSDL2_net" />
					<Add option="-Wl,-Bstatic -lstdc++ -lpthread -Wl,-Bdynamic -static-libgcc -static-libstdc++" />
					<Add library="C:/SDL2/SDL2-2.0.9/i686-w64-mingw32/lib/libSDL2.dll.a" />
					<Add library="C:/SDL2/SDL2_ttf-2.0.15/i686-w64-mingw32/lib/libSDL2_ttf.dll.a" />
					<Add library="C:/SDL2/SDL2_mixer-2.0.4/i686-w64-mingw32/lib/libSDL2_mixer.dll.a" />
					<Add library="C:/SDL2/SDL2_image-2.0.4/i686-w64-mingw32/lib/libSDL2_image.dll.a" />
					<Add library="Box2D/bin/Release/libBox2D.a" />
					<Add directory="C:/SDL2/SDL2-2.0.9/i686-w64-mingw32/lib" />
					<Add directory="C:/SDL2/SDL2_image-2.0.4/i686-w64-mingw32/lib" />
					<Add directory="C:/SDL2/SDL2_mixer-2.0.4/i686-w64-mingw32/lib" />
					<Add directory="C:/SDL2/SDL2_ttf-2.0.15/i686-w64-mingw32/lib" />
					<Add directory="C:/SDL2/SDL2_net-2.0.1/i686-w64-mingw32/lib" />
					<Add directory="Box2D/bin/Release" />
				</Linker>
			</Target>
			<Target title="OssiumEditor (Debug Linux)">
				<Option output="bin/OssiumEditor/Ossium" prefix_auto="1" extension_auto="1" />
				<Option working_dir="bin/OssiumEditor/" />
				<Option type="1" />
				<Option compiler="gcc" />
				<Option use_console_runner="0" />
				<Compiler>
					<Add option="-std=c++1z" />
					<Add option="-g" />
					<Add option="-DOSSIUM_DEBUG" />
					<Add option="-DOSSIUM_EDITOR" />
					<Add directory="C:/SDL2/SDL2-2.0.9/i686-w64-mingw32/include" />
					<Add directory="C:/SDL2/SDL2_image-2.0.4/i686-w64-mingw32/include" />
					<Add directory="C:/SDL2/SDL2_mixer-2.0.4/i686-w64-mingw32/include" />
					<Add directory="C:/SDL2/SDL2_ttf-2.0.15/i686-w64-mingw32/include" />
					<Add directory="C:/SDL2/SDL2_net-2.0.1/i686-w64-mingw32/include" />
					<Add directory="C:/SDL2/SDL2-2.0.9/i686-w64-mingw32/include/SDL2" />
					<Add directory="C:/SDL2/SDL2_image-2.0.4/i686-w64-mingw32/include/SDL2" />
					<Add directory="C:/SDL2/SDL2_mixer-2.0.4/i686-w64-mingw32/include/SDL2" />
					<Add directory="C:/SDL2/SDL2_ttf-2.0.15/i686-w64-mingw32/include/SDL2" />
					<Add directory="C:/SDL2/SDL2_net-2.0.1/i686-w64-mingw32/include/SDL2" />
					<Add directory="Box2D/" />
				</Compiler>
				<Linker>
					<Add option="-static-libstdc++" />
					<Add option="-static-libgcc" />
					<Add option="-lSDL2main" />
					<Add option="-lSDL2" />
					<Add option="-lSDL2_image" />
					<Add option="-lSDL2_mixer" />
					<Add option="-lSDL2_ttf" />
					<Add option="-Wl,-Bstatic -lstdc++ -lpthread -Wl,-Bdynamic -static-libgcc -static-libstdc++" />
					<Add library="Box2D/bin/Release/libBox2D.a" />
					<Add directory="C:/SDL2/SDL2-2.0.9/i686-w64-mingw32/lib" />
					<Add directory="C:/SDL2/SDL2_image-2.0.4/i686-w64-mingw32/lib" />
					<Add directory="C:/SDL2/SDL2_mixer-2.0.4/i686-w64-mingw32/lib" />
					<Add directory="C:/SDL2/SDL2_ttf-2.0.15/i686-w64-mingw32/lib" />
					<Add directory="C:/SDL2/SDL2_net-2.0.1/i686-w64-mingw32/lib" />
					<Add directory="Box2D/bin/Release" />
				</Linker>
			</Target>
		</Build>
		<Compiler>
			<Add option="-Wall" />
			<Add option="-std=c++1z" />
			<Add directory="Box2D/" />
		</Compiler>
		<Linker>
			<Add directory="Box2D/bin/Release" />
		</Linker>
		<Unit filename="src/Components/UI/panel.h" />
		<Unit filename="src/Components/audioextensions.cpp" />
		<Unit filename="src/Components/audioextensions.h" />
		<Unit filename="src/Components/button.cpp" />
		<Unit filename="src/Components/button.h" />
		<Unit filename="src/Components/debugdraw.cpp" />
		<Unit filename="src/Components/debugdraw.h" />
		<Unit filename="src/Components/inputgui.cpp" />
		<Unit filename="src/Components/inputgui.h" />
		<Unit filename="src/Components/statesprite.cpp" />
		<Unit filename="src/Components/statesprite.h" />
		<Unit filename="src/Components/text.cpp" />
		<Unit filename="src/Components/text.h" />
		<Unit filename="src/Components/texture.cpp" />
		<Unit filename="src/Components/texture.h" />
		<Unit filename="src/Core/audio.cpp" />
		<Unit filename="src/Core/audio.h" />
		<Unit filename="src/Core/callback.h" />
		<Unit filename="src/Core/circularbuffer.h" />
		<Unit filename="src/Core/colors.cpp" />
		<Unit filename="src/Core/colors.h" />
		<Unit filename="src/Core/component.cpp" />
		<Unit filename="src/Core/component.h" />
		<Unit filename="src/Core/config.h" />
		<Unit filename="src/Core/coremaths.cpp" />
		<Unit filename="src/Core/coremaths.h" />
		<Unit filename="src/Core/csvdata.cpp" />
		<Unit filename="src/Core/csvdata.h" />
		<Unit filename="src/Core/curves.cpp" />
		<Unit filename="src/Core/curves.h" />
		<Unit filename="src/Core/delta.cpp" />
		<Unit filename="src/Core/delta.h" />
		<Unit filename="src/Core/ecs.cpp" />
		<Unit filename="src/Core/ecs.h" />
		<Unit filename="src/Core/enginesystem.cpp" />
		<Unit filename="src/Core/enginesystem.h" />
		<Unit filename="src/Core/font.cpp" />
		<Unit filename="src/Core/font.h" />
		<Unit filename="src/Core/funcutils.cpp" />
		<Unit filename="src/Core/funcutils.h" />
		<Unit filename="src/Core/helpermacros.h" />
		<Unit filename="src/Core/image.cpp" />
		<Unit filename="src/Core/image.h" />
		<Unit filename="src/Core/init.cpp" />
		<Unit filename="src/Core/init.h" />
		<Unit filename="src/Core/input.cpp" />
		<Unit filename="src/Core/input.h" />
		<Unit filename="src/Core/jsondata.cpp" />
		<Unit filename="src/Core/jsondata.h" />
		<Unit filename="src/Core/keyboard.cpp" />
		<Unit filename="src/Core/keyboard.h" />
		<Unit filename="src/Core/logging.cpp" />
		<Unit filename="src/Core/logging.h" />
		<Unit filename="src/Core/lrucache.h" />
		<Unit filename="src/Core/mathconsts.h" />
		<Unit filename="src/Core/metarect.h" />
		<Unit filename="src/Core/mouse.cpp" />
		<Unit filename="src/Core/mouse.h" />
		<Unit filename="src/Core/mousecursor.cpp" />
		<Unit filename="src/Core/mousecursor.h" />
		<Unit filename="src/Core/physics.cpp" />
		<Unit filename="src/Core/physics.h" />
		<Unit filename="src/Core/pixeleffects.cpp" />
		<Unit filename="src/Core/pixeleffects.h" />
		<Unit filename="src/Core/randutils.cpp" />
		<Unit filename="src/Core/randutils.h" />
		<Unit filename="src/Core/renderer.cpp" />
		<Unit filename="src/Core/renderer.h" />
		<Unit filename="src/Core/resourcecontroller.cpp" />
		<Unit filename="src/Core/resourcecontroller.h" />
		<Unit filename="src/Core/schemamodel.cpp" />
		<Unit filename="src/Core/schemamodel.h" />
		<Unit filename="src/Core/services.cpp" />
		<Unit filename="src/Core/services.h" />
		<Unit filename="src/Core/stb_rect_pack.h" />
		<Unit filename="src/Core/stringconvert.cpp" />
		<Unit filename="src/Core/stringconvert.h" />
		<Unit filename="src/Core/stringintern.h" />
		<Unit filename="src/Core/textinput.cpp" />
		<Unit filename="src/Core/textinput.h" />
		<Unit filename="src/Core/textlayout.cpp" />
		<Unit filename="src/Core/textlayout.h" />
		<Unit filename="src/Core/texturepack.cpp" />
		<Unit filename="src/Core/texturepack.h" />
		<Unit filename="src/Core/time.cpp" />
		<Unit filename="src/Core/time.h" />
		<Unit filename="src/Core/transform.cpp" />
		<Unit filename="src/Core/transform.h" />
		<Unit filename="src/Core/tree.h" />
		<Unit filename="src/Core/typefactory.h" />
		<Unit filename="src/Core/typeinference.cpp" />
		<Unit filename="src/Core/typeinference.h" />
		<Unit filename="src/Core/utf8.cpp" />
		<Unit filename="src/Core/utf8.h" />
		<Unit filename="src/Core/window.cpp" />
		<Unit filename="src/Core/window.h" />
		<Unit filename="src/Editor/Core/contextmenu.cpp">
			<Option target="OssiumEditor" />
			<Option target="OssiumEditor (Debug)" />
			<Option target="OssiumEditor (Debug Linux)" />
		</Unit>
		<Unit filename="src/Editor/Core/contextmenu.h">
			<Option target="OssiumEditor" />
			<Option target="OssiumEditor (Debug)" />
			<Option target="OssiumEditor (Debug Linux)" />
		</Unit>
		<Unit filename="src/Editor/Core/editorgui.cpp">
			<Option target="OssiumEditor" />
			<Option target="OssiumEditor (Debug)" />
			<Option target="OssiumEditor (Debug Linux)" />
		</Unit>
		<Unit filename="src/Editor/Core/editorgui.h">
			<Option target="OssiumEditor" />
			<Option target="OssiumEditor (Debug)" />
			<Option target="OssiumEditor (Debug Linux)" />
		</Unit>
		<Unit filename="src/Editor/Core/editorlayout.cpp">
			<Option target="OssiumEditor" />
			<Option target="OssiumEditor (Debug)" />
			<Option target="OssiumEditor (Debug Linux)" />
		</Unit>
		<Unit filename="src/Editor/Core/editorlayout.h">
			<Option target="OssiumEditor" />
			<Option target="OssiumEditor (Debug)" />
			<Option target="OssiumEditor (Debug Linux)" />
		</Unit>
		<Unit filename="src/Editor/Core/editorstyle.cpp">
			<Option target="OssiumEditor" />
			<Option target="OssiumEditor (Debug)" />
			<Option target="OssiumEditor (Debug Linux)" />
		</Unit>
		<Unit filename="src/Editor/Core/editorstyle.h">
			<Option target="OssiumEditor" />
			<Option target="OssiumEditor (Debug)" />
			<Option target="OssiumEditor (Debug Linux)" />
		</Unit>
		<Unit filename="src/Editor/Core/editorwindow.cpp">
			<Option target="OssiumEditor" />
			<Option target="OssiumEditor (Debug)" />
			<Option target="OssiumEditor (Debug Linux)" />
		</Unit>
		<Unit filename="src/Editor/Core/editorwindow.h">
			<Option target="OssiumEditor" />
			<Option target="OssiumEditor (Debug)" />
			<Option target="OssiumEditor (Debug Linux)" />
		</Unit>
		<Unit filename="src/Editor/Examples/demo_window_docking.cpp">
			<Option target="OssiumEditor" />
			<Option target="OssiumEditor (Debug)" />
			<Option target="OssiumEditor (Debug Linux)" />
		</Unit>
		<Unit filename="src/Editor/Examples/demo_window_docking.h">
			<Option target="OssiumEditor" />
			<Option target="OssiumEditor (Debug)" />
			<Option target="OssiumEditor (Debug Linux)" />
		</Unit>
		<Unit filename="src/Editor/Examples/font_viewer.cpp">
			<Option target="OssiumEditor" />
			<Option target="OssiumEditor (Debug)" />
			<Option target="OssiumEditor (Debug Linux)" />
		</Unit>
		<Unit filename="src/Editor/Examples/font_viewer.h">
			<Option target="OssiumEditor" />
			<Option target="OssiumEditor (Debug)" />
			<Option target="OssiumEditor (Debug Linux)" />
		</Unit>
		<Unit filename="src/Editor/Examples/layout_diagram.cpp">
			<Option target="OssiumEditor" />
			<Option target="OssiumEditor (Debug)" />
			<Option target="OssiumEditor (Debug Linux)" />
		</Unit>
		<Unit filename="src/Editor/Examples/layout_diagram.h">
			<Option target="OssiumEditor" />
			<Option target="OssiumEditor (Debug)" />
			<Option target="OssiumEditor (Debug Linux)" />
		</Unit>
		<Unit filename="src/Editor/Examples/simple_demo_window.cpp">
			<Option target="OssiumEditor" />
			<Option target="OssiumEditor (Debug)" />
			<Option target="OssiumEditor (Debug Linux)" />
		</Unit>
		<Unit filename="src/Editor/Examples/simple_demo_window.h">
			<Option target="OssiumEditor" />
			<Option target="OssiumEditor (Debug)" />
			<Option target="OssiumEditor (Debug Linux)" />
		</Unit>
		<Unit filename="src/Editor/Windows/ToolBar.cpp">
			<Option target="OssiumEditor" />
			<Option target="OssiumEditor (Debug)" />
			<Option target="OssiumEditor (Debug Linux)" />
		</Unit>
		<Unit filename="src/Editor/Windows/ToolBar.h">
			<Option target="OssiumEditor" />
			<Option target="OssiumEditor (Debug)" />
		</Unit>
		<Unit filename="src/Editor/main.cpp">
			<Option target="OssiumEditor" />
			<Option target="OssiumEditor (Debug)" />
			<Option target="OssiumEditor (Debug Linux)" />
		</Unit>
		<Unit filename="src/Ossium.h" />
		<Unit filename="src/OssiumEditor.h" />
		<Extensions>
			<code_completion />
			<envvars />
			<lib_finder disable_auto="1" />
			<debugger />
			<DoxyBlocks>
				<comment_style block="0" line="0" />
				<doxyfile_project />
				<doxyfile_build />
				<doxyfile_warnings />
				<doxyfile_output />
				<doxyfile_dot />
				<general />
			</DoxyBlocks>
		</Extensions>
	</Project>
</CodeBlocks_project_file>
