<?xml version="1.0" encoding="UTF-8" standalone="yes" ?>
<CodeBlocks_project_file>
	<FileVersion major="1" minor="6" />
	<Project>
		<Option title="OssiumEditor" />
		<Option pch_mode="2" />
		<Option compiler="gcc" />
		<Build>
			<Target title="Debug">
				<Option output="bin/Debug/OssiumEditor" prefix_auto="1" extension_auto="1" />
				<Option object_output="obj/Debug/" />
				<Option type="1" />
				<Option compiler="gcc" />
				<Compiler>
					<Add option="-g" />
					<Add option="-std=c++1z" />
					<Add option="-DDEBUG" />
					<Add directory="Box2D/" />
				</Compiler>
				<Linker>
					<Add option="-lmingw32" />
					<Add option="-lSDL2main" />
					<Add option="-lSDL2" />
					<Add option="-lSDL2_image" />
					<Add option="-lSDL2_mixer" />
					<Add option="-lSDL2_ttf" />
					<Add option="-lSDL2_net" />
					<Add option="-Wl,-Bstatic -lstdc++ -lpthread -Wl,-Bdynamic" />
					<Add library="Box2D/bin/Release/libBox2D.a" />
					<Add directory="Box2D/bin/Release" />
				</Linker>
			</Target>
			<Target title="Release">
				<Option output="bin/Release/OssiumEditor" prefix_auto="1" extension_auto="1" />
				<Option object_output="obj/Release/" />
				<Option type="0" />
				<Option compiler="gcc" />
				<Compiler>
					<Add option="-O2" />
					<Add option="-std=c++1z" />
					<Add directory="Box2D/" />
				</Compiler>
				<Linker>
					<Add option="-s" />
					<Add option="-lmingw32" />
					<Add option="-lSDL2main" />
					<Add option="-lSDL2" />
					<Add option="-lSDL2_image" />
					<Add option="-lSDL2_mixer" />
					<Add option="-lSDL2_ttf" />
					<Add option="-lSDL2_net" />
					<Add option="-Wl,-Bstatic -lstdc++ -lpthread -Wl,-Bdynamic" />
					<Add library="Box2D/bin/Release/libBox2D.a" />
					<Add directory="Box2D/bin/Release" />
				</Linker>
			</Target>
			<Target title="Debug (Linux)">
				<Option output="bin/Debug/OssiumEditor" prefix_auto="1" extension_auto="1" />
				<Option object_output="obj/Debug/" />
				<Option type="1" />
				<Option compiler="gcc" />
				<Compiler>
					<Add option="-g" />
					<Add option="-std=c++1z" />
					<Add option="-DDEBUG" />
					<Add directory="../Engine/Box2D" />
					<Add directory="../Engine/src" />
				</Compiler>
				<Linker>
					<Add option="-Wl,--whole-archive ../Engine/bin/ossium/libossium.a -Wl,--no-whole-archive" />
					<Add option="../Engine/Box2D/bin/Release/libBox2D.a" />
					<Add option="-lSDL2main" />
					<Add option="-lSDL2" />
					<Add option="-lSDL2_image" />
					<Add option="-lSDL2_mixer" />
					<Add option="-lSDL2_ttf" />
					<Add directory="../Engine/Box2D/bin/Release" />
					<Add directory="../Engine/bin/ossium" />
				</Linker>
			</Target>
			<Target title="Release (Linux)">
				<Option output="bin/Release/OssiumEditor" prefix_auto="1" extension_auto="1" />
				<Option object_output="obj/Release/" />
				<Option type="0" />
				<Option compiler="gcc" />
				<Compiler>
					<Add option="-O2" />
					<Add option="-std=c++1z" />
					<Add directory="../Engine/Box2D" />
					<Add directory="../Engine/src" />
				</Compiler>
				<Linker>
					<Add option="-s" />
					<Add option="-Wl,--whole-archive ../Engine/bin/ossium/libossium.a -Wl,--no-whole-archive" />
					<Add option="../Engine/Box2D/bin/Release/libBox2D.a" />
					<Add option="-lSDL2main" />
					<Add option="-lSDL2" />
					<Add option="-lSDL2_image" />
					<Add option="-lSDL2_mixer" />
					<Add option="-lSDL2_ttf" />
					<Add directory="../Engine/Box2D/bin/Release" />
					<Add directory="../Engine/bin/ossium" />
				</Linker>
			</Target>
		</Build>
		<Compiler>
			<Add option="-Wall" />
			<Add option="-std=c++1z" />
		</Compiler>
		<Unit filename="src/Components/editorview.cpp" />
		<Unit filename="src/Components/editorview.h" />
		<Unit filename="src/Core/editorlayout.h" />
		<Unit filename="src/Core/neurongui.cpp" />
		<Unit filename="src/Core/neurongui.h" />
		<Unit filename="src/main.cpp" />
		<Extensions>
			<code_completion />
			<envvars />
			<lib_finder disable_auto="1" />
			<debugger />
			<DoxyBlocks>
				<comment_style block="0" line="0" />
				<doxyfile_project />
				<doxyfile_build />
				<doxyfile_warnings />
				<doxyfile_output />
				<doxyfile_dot />
				<general />
			</DoxyBlocks>
		</Extensions>
	</Project>
</CodeBlocks_project_file>
